
Microsoft Visual Studio Solution File, Format Version 12.00
# Visual Studio Version 17
VisualStudioVersion = 17.5.33414.496
MinimumVisualStudioVersion = 10.0.40219.1
Project("{FAE04EC0-301F-11D3-BF4B-00C04F79EFBC}") = "Test01", "Test01\Test01.csproj", "{C19EB31C-AB44-4053-97F9-2634CC1687EF}"
EndProject
Global
	GlobalSection(SolutionConfigurationPlatforms) = preSolution
		Debug|Any CPU = Debug|Any CPU
		Release|Any CPU = Release|Any CPU
	EndGlobalSection
	GlobalSection(ProjectConfigurationPlatforms) = postSolution
		{C19EB31C-AB44-4053-97F9-2634CC1687EF}.Debug|Any CPU.ActiveCfg = Debug|Any CPU
		{C19EB31C-AB44-4053-97F9-2634CC1687EF}.Debug|Any CPU.Build.0 = Debug|Any CPU
		{C19EB31C-AB44-4053-97F9-2634CC1687EF}.Release|Any CPU.ActiveCfg = Release|Any CPU
		{C19EB31C-AB44-4053-97F9-2634CC1687EF}.Release|Any CPU.Build.0 = Release|Any CPU
	EndGlobalSection
	GlobalSection(SolutionProperties) = preSolution
		HideSolutionNode = FALSE
	EndGlobalSection
	GlobalSection(ExtensibilityGlobals) = postSolution
		SolutionGuid = {B91FD2A6-95CC-43C1-A384-5E69637D24C0}
	EndGlobalSection
EndGlobal
